
Microsoft Visual Studio Solution File, Format Version 12.00
# Visual Studio Version 17
VisualStudioVersion = 17.0.31903.59
MinimumVisualStudioVersion = 10.0.40219.1
Project("{2150E333-8FDC-42A3-9474-1A3956D46DE8}") = "src", "src", "{F1C06F34-2547-4FB8-8079-FCA46B52BCB3}"
EndProject
Project("{FAE04EC0-301F-11D3-BF4B-00C04F79EFBC}") = "StudyOrganizer.Api", "src\Api\StudyOrganizer.Api.csproj", "{85B730DE-3CC4-4969-9742-A1211AF4594F}"
EndProject
Project("{FAE04EC0-301F-11D3-BF4B-00C04F79EFBC}") = "StudyOrganizer.Domain", "src\Domain\StudyOrganizer.Domain.csproj", "{C374EB9F-4D80-4F11-8CA6-B4BE96E43E14}"
EndProject
Project("{FAE04EC0-301F-11D3-BF4B-00C04F79EFBC}") = "StudyOrganizer.Application", "src\Application\StudyOrganizer.Application.csproj", "{482E19FA-C505-41F7-AD1C-E0A718A30151}"
EndProject
Project("{FAE04EC0-301F-11D3-BF4B-00C04F79EFBC}") = "StudyOrganizer.Infrastructure", "src\Infrastructure\StudyOrganizer.Infrastructure.csproj", "{740621B2-3A7D-468F-91F8-DEDF88ADF412}"
EndProject
Project("{2150E333-8FDC-42A3-9474-1A3956D46DE8}") = "tests", "tests", "{38A12EF6-FA48-40F6-9E6F-6C172C7BD5BA}"
EndProject
Project("{FAE04EC0-301F-11D3-BF4B-00C04F79EFBC}") = "StudyOrganizer.Domain.Tests", "tests\Domain.Tests\StudyOrganizer.Domain.Tests.csproj", "{1BCC00C7-BE73-480D-A775-D66A8EFC7349}"
EndProject
Global
	GlobalSection(SolutionConfigurationPlatforms) = preSolution
		Debug|Any CPU = Debug|Any CPU
		Release|Any CPU = Release|Any CPU
	EndGlobalSection
	GlobalSection(SolutionProperties) = preSolution
		HideSolutionNode = FALSE
	EndGlobalSection
	GlobalSection(ProjectConfigurationPlatforms) = postSolution
		{85B730DE-3CC4-4969-9742-A1211AF4594F}.Debug|Any CPU.ActiveCfg = Debug|Any CPU
		{85B730DE-3CC4-4969-9742-A1211AF4594F}.Debug|Any CPU.Build.0 = Debug|Any CPU
		{85B730DE-3CC4-4969-9742-A1211AF4594F}.Release|Any CPU.ActiveCfg = Release|Any CPU
		{85B730DE-3CC4-4969-9742-A1211AF4594F}.Release|Any CPU.Build.0 = Release|Any CPU
		{C374EB9F-4D80-4F11-8CA6-B4BE96E43E14}.Debug|Any CPU.ActiveCfg = Debug|Any CPU
		{C374EB9F-4D80-4F11-8CA6-B4BE96E43E14}.Debug|Any CPU.Build.0 = Debug|Any CPU
		{C374EB9F-4D80-4F11-8CA6-B4BE96E43E14}.Release|Any CPU.ActiveCfg = Release|Any CPU
		{C374EB9F-4D80-4F11-8CA6-B4BE96E43E14}.Release|Any CPU.Build.0 = Release|Any CPU
		{482E19FA-C505-41F7-AD1C-E0A718A30151}.Debug|Any CPU.ActiveCfg = Debug|Any CPU
		{482E19FA-C505-41F7-AD1C-E0A718A30151}.Debug|Any CPU.Build.0 = Debug|Any CPU
		{482E19FA-C505-41F7-AD1C-E0A718A30151}.Release|Any CPU.ActiveCfg = Release|Any CPU
		{482E19FA-C505-41F7-AD1C-E0A718A30151}.Release|Any CPU.Build.0 = Release|Any CPU
		{740621B2-3A7D-468F-91F8-DEDF88ADF412}.Debug|Any CPU.ActiveCfg = Debug|Any CPU
		{740621B2-3A7D-468F-91F8-DEDF88ADF412}.Debug|Any CPU.Build.0 = Debug|Any CPU
		{740621B2-3A7D-468F-91F8-DEDF88ADF412}.Release|Any CPU.ActiveCfg = Release|Any CPU
		{740621B2-3A7D-468F-91F8-DEDF88ADF412}.Release|Any CPU.Build.0 = Release|Any CPU
		{1BCC00C7-BE73-480D-A775-D66A8EFC7349}.Debug|Any CPU.ActiveCfg = Debug|Any CPU
		{1BCC00C7-BE73-480D-A775-D66A8EFC7349}.Debug|Any CPU.Build.0 = Debug|Any CPU
		{1BCC00C7-BE73-480D-A775-D66A8EFC7349}.Release|Any CPU.ActiveCfg = Release|Any CPU
		{1BCC00C7-BE73-480D-A775-D66A8EFC7349}.Release|Any CPU.Build.0 = Release|Any CPU
	EndGlobalSection
	GlobalSection(NestedProjects) = preSolution
		{85B730DE-3CC4-4969-9742-A1211AF4594F} = {F1C06F34-2547-4FB8-8079-FCA46B52BCB3}
		{C374EB9F-4D80-4F11-8CA6-B4BE96E43E14} = {F1C06F34-2547-4FB8-8079-FCA46B52BCB3}
		{482E19FA-C505-41F7-AD1C-E0A718A30151} = {F1C06F34-2547-4FB8-8079-FCA46B52BCB3}
		{740621B2-3A7D-468F-91F8-DEDF88ADF412} = {F1C06F34-2547-4FB8-8079-FCA46B52BCB3}
		{1BCC00C7-BE73-480D-A775-D66A8EFC7349} = {38A12EF6-FA48-40F6-9E6F-6C172C7BD5BA}
	EndGlobalSection
EndGlobal
