// !$*UTF8*$!
{
	archiveVersion = 1;
	classes = {
	};
	objectVersion = 77;
	objects = {

/* Begin PBXBuildFile section */
		7756F665306E8F7F003B47E2 /* ModuleService.swift in Sources */ = {isa = PBXBuildFile; fileRef = 7756F664306E8F7F003B47E2 /* ModuleService.swift */; };
		7756F667306ED745003B47E2 /* ModulesView.swift in Sources */ = {isa = PBXBuildFile; fileRef = 7756F666306ED745003B47E2 /* ModulesView.swift */; };
		7756F675306EDD34003B47E2 /* CreateModuleView.swift in Sources */ = {isa = PBXBuildFile; fileRef = 7756F674306EDD34003B47E2 /* CreateModuleView.swift */; };
		7756F68330703191003B47E2 /* EditModuleView.swift in Sources */ = {isa = PBXBuildFile; fileRef = 7756F68230703191003B47E2 /* EditModuleView.swift */; };
		775BABE23077DAA100A48CAB /* DashboardView.swift in Sources */ = {isa = PBXBuildFile; fileRef = 775BABE13077DAA100A48CAB /* DashboardView.swift */; };
		776243FC30745EF500C944C4 /* EditTaskView.swift in Sources */ = {isa = PBXBuildFile; fileRef = 776243FB30745EF500C944C4 /* EditTaskView.swift */; };
		7762440E3075A79D00C944C4 /* MainTabView.swift in Sources */ = {isa = PBXBuildFile; fileRef = 7762440D3075A79D00C944C4 /* MainTabView.swift */; };
		777D7BCC30797E2300A19017 /* GlobalTasksView.swift in Sources */ = {isa = PBXBuildFile; fileRef = 777D7BCB30797E2300A19017 /* GlobalTasksView.swift */; };
		7793BB6930729931007BD573 /* StudyTaskService.swift in Sources */ = {isa = PBXBuildFile; fileRef = 7793BB6830729931007BD573 /* StudyTaskService.swift */; };
		7793BB6B30729973007BD573 /* ModuleTasksView.swift in Sources */ = {isa = PBXBuildFile; fileRef = 7793BB6A30729973007BD573 /* ModuleTasksView.swift */; };
		7793BB7D30729FC3007BD573 /* CreateTaskView.swift in Sources */ = {isa = PBXBuildFile; fileRef = 7793BB7C30729FC3007BD573 /* CreateTaskView.swift */; };
		77C96F04306BE2B4007A13BE /* SwiftUIView.swift in Sources */ = {isa = PBXBuildFile; fileRef = 77C96F03306BE2B4007A13BE /* SwiftUIView.swift */; };
		77C96F12306C3A59007A13BE /* RegistrationService.swift in Sources */ = {isa = PBXBuildFile; fileRef = 77C96F11306C3A59007A13BE /* RegistrationService.swift */; };
		77C96F20306D8505007A13BE /* LoginService.swift in Sources */ = {isa = PBXBuildFile; fileRef = 77C96F1F306D8505007A13BE /* LoginService.swift */; };
		77C96F22306D8563007A13BE /* SessionStore.swift in Sources */ = {isa = PBXBuildFile; fileRef = 77C96F21306D8563007A13BE /* SessionStore.swift */; };
		77C96F24306D85E7007A13BE /* SessionManager.swift in Sources */ = {isa = PBXBuildFile; fileRef = 77C96F23306D85E7007A13BE /* SessionManager.swift */; };
/* End PBXBuildFile section */

/* Begin PBXFileReference section */
		7756F664306E8F7F003B47E2 /* ModuleService.swift */ = {isa = PBXFileReference; lastKnownFileType = sourcecode.swift; path = ModuleService.swift; sourceTree = "<group>"; };
		7756F666306ED745003B47E2 /* ModulesView.swift */ = {isa = PBXFileReference; lastKnownFileType = sourcecode.swift; path = ModulesView.swift; sourceTree = "<group>"; };
		7756F674306EDD34003B47E2 /* CreateModuleView.swift */ = {isa = PBXFileReference; lastKnownFileType = sourcecode.swift; path = CreateModuleView.swift; sourceTree = "<group>"; };
		7756F68230703191003B47E2 /* EditModuleView.swift */ = {isa = PBXFileReference; lastKnownFileType = sourcecode.swift; path = EditModuleView.swift; sourceTree = "<group>"; };
		775BABE13077DAA100A48CAB /* DashboardView.swift */ = {isa = PBXFileReference; lastKnownFileType = sourcecode.swift; path = DashboardView.swift; sourceTree = "<group>"; };
		776243FB30745EF500C944C4 /* EditTaskView.swift */ = {isa = PBXFileReference; lastKnownFileType = sourcecode.swift; path = EditTaskView.swift; sourceTree = "<group>"; };
		7762440D3075A79D00C944C4 /* MainTabView.swift */ = {isa = PBXFileReference; lastKnownFileType = sourcecode.swift; path = MainTabView.swift; sourceTree = "<group>"; };
		777D7BCB30797E2300A19017 /* GlobalTasksView.swift */ = {isa = PBXFileReference; lastKnownFileType = sourcecode.swift; path = GlobalTasksView.swift; sourceTree = "<group>"; };
		778CA07E306A726A00806778 /* StudyOrganizer.app */ = {isa = PBXFileReference; explicitFileType = wrapper.application; includeInIndex = 0; path = StudyOrganizer.app; sourceTree = BUILT_PRODUCTS_DIR; };
		7793BB6830729931007BD573 /* StudyTaskService.swift */ = {isa = PBXFileReference; lastKnownFileType = sourcecode.swift; path = StudyTaskService.swift; sourceTree = "<group>"; };
		7793BB6A30729973007BD573 /* ModuleTasksView.swift */ = {isa = PBXFileReference; lastKnownFileType = sourcecode.swift; path = ModuleTasksView.swift; sourceTree = "<group>"; };
		7793BB7C30729FC3007BD573 /* CreateTaskView.swift */ = {isa = PBXFileReference; lastKnownFileType = sourcecode.swift; path = CreateTaskView.swift; sourceTree = "<group>"; };
		77C96F03306BE2B4007A13BE /* SwiftUIView.swift */ = {isa = PBXFileReference; lastKnownFileType = sourcecode.swift; path = SwiftUIView.swift; sourceTree = "<group>"; };
		77C96F11306C3A59007A13BE /* RegistrationService.swift */ = {isa = PBXFileReference; lastKnownFileType = sourcecode.swift; path = RegistrationService.swift; sourceTree = "<group>"; };
		77C96F1F306D8505007A13BE /* LoginService.swift */ = {isa = PBXFileReference; lastKnownFileType = sourcecode.swift; path = LoginService.swift; sourceTree = "<group>"; };
		77C96F21306D8563007A13BE /* SessionStore.swift */ = {isa = PBXFileReference; lastKnownFileType = sourcecode.swift; path = SessionStore.swift; sourceTree = "<group>"; };
		77C96F23306D85E7007A13BE /* SessionManager.swift */ = {isa = PBXFileReference; lastKnownFileType = sourcecode.swift; path = SessionManager.swift; sourceTree = "<group>"; };
/* End PBXFileReference section */

/* Begin PBXFileSystemSynchronizedRootGroup section */
		778CA080306A726A00806778 /* StudyOrganizer */ = {
			isa = PBXFileSystemSynchronizedRootGroup;
			path = StudyOrganizer;
			sourceTree = "<group>";
		};
/* End PBXFileSystemSynchronizedRootGroup section */

/* Begin PBXFrameworksBuildPhase section */
		778CA07B306A726A00806778 /* Frameworks */ = {
			isa = PBXFrameworksBuildPhase;
			buildActionMask = 2147483647;
			files = (
			);
			runOnlyForDeploymentPostprocessing = 0;
		};
/* End PBXFrameworksBuildPhase section */

/* Begin PBXGroup section */
		778CA075306A726A00806778 = {
			isa = PBXGroup;
			children = (
				777D7BCB30797E2300A19017 /* GlobalTasksView.swift */,
				775BABE13077DAA100A48CAB /* DashboardView.swift */,
				7762440D3075A79D00C944C4 /* MainTabView.swift */,
				776243FB30745EF500C944C4 /* EditTaskView.swift */,
				7793BB7C30729FC3007BD573 /* CreateTaskView.swift */,
				7793BB6A30729973007BD573 /* ModuleTasksView.swift */,
				7793BB6830729931007BD573 /* StudyTaskService.swift */,
				7756F68230703191003B47E2 /* EditModuleView.swift */,
				7756F674306EDD34003B47E2 /* CreateModuleView.swift */,
				7756F666306ED745003B47E2 /* ModulesView.swift */,
				7756F664306E8F7F003B47E2 /* ModuleService.swift */,
				77C96F23306D85E7007A13BE /* SessionManager.swift */,
				77C96F21306D8563007A13BE /* SessionStore.swift */,
				77C96F1F306D8505007A13BE /* LoginService.swift */,
				77C96F11306C3A59007A13BE /* RegistrationService.swift */,
				77C96F03306BE2B4007A13BE /* SwiftUIView.swift */,
				778CA080306A726A00806778 /* StudyOrganizer */,
				778CA07F306A726A00806778 /* Products */,
			);
			sourceTree = "<group>";
		};
		778CA07F306A726A00806778 /* Products */ = {
			isa = PBXGroup;
			children = (
				778CA07E306A726A00806778 /* StudyOrganizer.app */,
			);
			name = Products;
			sourceTree = "<group>";
		};
/* End PBXGroup section */

/* Begin PBXNativeTarget section */
		778CA07D306A726A00806778 /* StudyOrganizer */ = {
			isa = PBXNativeTarget;
			buildConfigurationList = 778CA089306A726B00806778 /* Build configuration list for PBXNativeTarget "StudyOrganizer" */;
			buildPhases = (
				778CA07A306A726A00806778 /* Sources */,
				778CA07B306A726A00806778 /* Frameworks */,
				778CA07C306A726A00806778 /* Resources */,
			);
			buildRules = (
			);
			dependencies = (
			);
			fileSystemSynchronizedGroups = (
				778CA080306A726A00806778 /* StudyOrganizer */,
			);
			name = StudyOrganizer;
			packageProductDependencies = (
			);
			productName = StudyOrganizer;
			productReference = 778CA07E306A726A00806778 /* StudyOrganizer.app */;
			productType = "com.apple.product-type.application";
		};
/* End PBXNativeTarget section */

/* Begin PBXProject section */
		778CA076306A726A00806778 /* Project object */ = {
			isa = PBXProject;
			attributes = {
				BuildIndependentTargetsInParallel = 1;
				LastSwiftUpdateCheck = 2660;
				LastUpgradeCheck = 2660;
				TargetAttributes = {
					778CA07D306A726A00806778 = {
						CreatedOnToolsVersion = 26.6;
					};
				};
			};
			buildConfigurationList = 778CA079306A726A00806778 /* Build configuration list for PBXProject "StudyOrganizer" */;
			developmentRegion = en;
			hasScannedForEncodings = 0;
			knownRegions = (
				en,
				Base,
			);
			mainGroup = 778CA075306A726A00806778;
			minimizedProjectReferenceProxies = 1;
			preferredProjectObjectVersion = 77;
			productRefGroup = 778CA07F306A726A00806778 /* Products */;
			projectDirPath = "";
			projectRoot = "";
			targets = (
				778CA07D306A726A00806778 /* StudyOrganizer */,
			);
		};
/* End PBXProject section */

/* Begin PBXResourcesBuildPhase section */
		778CA07C306A726A00806778 /* Resources */ = {
			isa = PBXResourcesBuildPhase;
			buildActionMask = 2147483647;
			files = (
			);
			runOnlyForDeploymentPostprocessing = 0;
		};
/* End PBXResourcesBuildPhase section */

/* Begin PBXSourcesBuildPhase section */
		778CA07A306A726A00806778 /* Sources */ = {
			isa = PBXSourcesBuildPhase;
			buildActionMask = 2147483647;
			files = (
				77C96F22306D8563007A13BE /* SessionStore.swift in Sources */,
				776243FC30745EF500C944C4 /* EditTaskView.swift in Sources */,
				7793BB6B30729973007BD573 /* ModuleTasksView.swift in Sources */,
				77C96F20306D8505007A13BE /* LoginService.swift in Sources */,
				7756F675306EDD34003B47E2 /* CreateModuleView.swift in Sources */,
				7793BB6930729931007BD573 /* StudyTaskService.swift in Sources */,
				7793BB7D30729FC3007BD573 /* CreateTaskView.swift in Sources */,
				7756F68330703191003B47E2 /* EditModuleView.swift in Sources */,
				77C96F12306C3A59007A13BE /* RegistrationService.swift in Sources */,
				7762440E3075A79D00C944C4 /* MainTabView.swift in Sources */,
				775BABE23077DAA100A48CAB /* DashboardView.swift in Sources */,
				7756F667306ED745003B47E2 /* ModulesView.swift in Sources */,
				777D7BCC30797E2300A19017 /* GlobalTasksView.swift in Sources */,
				7756F665306E8F7F003B47E2 /* ModuleService.swift in Sources */,
				77C96F04306BE2B4007A13BE /* SwiftUIView.swift in Sources */,
				77C96F24306D85E7007A13BE /* SessionManager.swift in Sources */,
			);
			runOnlyForDeploymentPostprocessing = 0;
		};
/* End PBXSourcesBuildPhase section */

/* Begin XCBuildConfiguration section */
		778CA087306A726B00806778 /* Debug */ = {
			isa = XCBuildConfiguration;
			buildSettings = {
				ALWAYS_SEARCH_USER_PATHS = NO;
				ASSETCATALOG_COMPILER_GENERATE_SWIFT_ASSET_SYMBOL_EXTENSIONS = YES;
				CLANG_ANALYZER_NONNULL = YES;
				CLANG_ANALYZER_NUMBER_OBJECT_CONVERSION = YES_AGGRESSIVE;
				CLANG_CXX_LANGUAGE_STANDARD = "gnu++20";
				CLANG_ENABLE_MODULES = YES;
				CLANG_ENABLE_OBJC_ARC = YES;
				CLANG_ENABLE_OBJC_WEAK = YES;
				CLANG_WARN_BLOCK_CAPTURE_AUTORELEASING = YES;
				CLANG_WARN_BOOL_CONVERSION = YES;
				CLANG_WARN_COMMA = YES;
				CLANG_WARN_CONSTANT_CONVERSION = YES;
				CLANG_WARN_DEPRECATED_OBJC_IMPLEMENTATIONS = YES;
				CLANG_WARN_DIRECT_OBJC_ISA_USAGE = YES_ERROR;
				CLANG_WARN_DOCUMENTATION_COMMENTS = YES;
				CLANG_WARN_EMPTY_BODY = YES;
				CLANG_WARN_ENUM_CONVERSION = YES;
				CLANG_WARN_INFINITE_RECURSION = YES;
				CLANG_WARN_INT_CONVERSION = YES;
				CLANG_WARN_NON_LITERAL_NULL_CONVERSION = YES;
				CLANG_WARN_OBJC_IMPLICIT_RETAIN_SELF = YES;
				CLANG_WARN_OBJC_LITERAL_CONVERSION = YES;
				CLANG_WARN_OBJC_ROOT_CLASS = YES_ERROR;
				CLANG_WARN_QUOTED_INCLUDE_IN_FRAMEWORK_HEADER = YES;
				CLANG_WARN_RANGE_LOOP_ANALYSIS = YES;
				CLANG_WARN_STRICT_PROTOTYPES = YES;
				CLANG_WARN_SUSPICIOUS_MOVE = YES;
				CLANG_WARN_UNGUARDED_AVAILABILITY = YES_AGGRESSIVE;
				CLANG_WARN_UNREACHABLE_CODE = YES;
				CLANG_WARN__DUPLICATE_METHOD_MATCH = YES;
				COPY_PHASE_STRIP = NO;
				DEBUG_INFORMATION_FORMAT = dwarf;
				ENABLE_STRICT_OBJC_MSGSEND = YES;
				ENABLE_TESTABILITY = YES;
				ENABLE_USER_SCRIPT_SANDBOXING = YES;
				GCC_C_LANGUAGE_STANDARD = gnu17;
				GCC_DYNAMIC_NO_PIC = NO;
				GCC_NO_COMMON_BLOCKS = YES;
				GCC_OPTIMIZATION_LEVEL = 0;
				GCC_PREPROCESSOR_DEFINITIONS = (
					"DEBUG=1",
					"$(inherited)",
				);
				GCC_WARN_64_TO_32_BIT_CONVERSION = YES;
				GCC_WARN_ABOUT_RETURN_TYPE = YES_ERROR;
				GCC_WARN_UNDECLARED_SELECTOR = YES;
				GCC_WARN_UNINITIALIZED_AUTOS = YES_AGGRESSIVE;
				GCC_WARN_UNUSED_FUNCTION = YES;
				GCC_WARN_UNUSED_VARIABLE = YES;
				IPHONEOS_DEPLOYMENT_TARGET = 26.5;
				LOCALIZATION_PREFERS_STRING_CATALOGS = YES;
				MTL_ENABLE_DEBUG_INFO = INCLUDE_SOURCE;
				MTL_FAST_MATH = YES;
				ONLY_ACTIVE_ARCH = YES;
				SDKROOT = iphoneos;
				SWIFT_ACTIVE_COMPILATION_CONDITIONS = "DEBUG $(inherited)";
				SWIFT_OPTIMIZATION_LEVEL = "-Onone";
			};
			name = Debug;
		};
		778CA088306A726B00806778 /* Release */ = {
			isa = XCBuildConfiguration;
			buildSettings = {
				ALWAYS_SEARCH_USER_PATHS = NO;
				ASSETCATALOG_COMPILER_GENERATE_SWIFT_ASSET_SYMBOL_EXTENSIONS = YES;
				CLANG_ANALYZER_NONNULL = YES;
				CLANG_ANALYZER_NUMBER_OBJECT_CONVERSION = YES_AGGRESSIVE;
				CLANG_CXX_LANGUAGE_STANDARD = "gnu++20";
				CLANG_ENABLE_MODULES = YES;
				CLANG_ENABLE_OBJC_ARC = YES;
				CLANG_ENABLE_OBJC_WEAK = YES;
				CLANG_WARN_BLOCK_CAPTURE_AUTORELEASING = YES;
				CLANG_WARN_BOOL_CONVERSION = YES;
				CLANG_WARN_COMMA = YES;
				CLANG_WARN_CONSTANT_CONVERSION = YES;
				CLANG_WARN_DEPRECATED_OBJC_IMPLEMENTATIONS = YES;
				CLANG_WARN_DIRECT_OBJC_ISA_USAGE = YES_ERROR;
				CLANG_WARN_DOCUMENTATION_COMMENTS = YES;
				CLANG_WARN_EMPTY_BODY = YES;
				CLANG_WARN_ENUM_CONVERSION = YES;
				CLANG_WARN_INFINITE_RECURSION = YES;
				CLANG_WARN_INT_CONVERSION = YES;
				CLANG_WARN_NON_LITERAL_NULL_CONVERSION = YES;
				CLANG_WARN_OBJC_IMPLICIT_RETAIN_SELF = YES;
				CLANG_WARN_OBJC_LITERAL_CONVERSION = YES;
				CLANG_WARN_OBJC_ROOT_CLASS = YES_ERROR;
				CLANG_WARN_QUOTED_INCLUDE_IN_FRAMEWORK_HEADER = YES;
				CLANG_WARN_RANGE_LOOP_ANALYSIS = YES;
				CLANG_WARN_STRICT_PROTOTYPES = YES;
				CLANG_WARN_SUSPICIOUS_MOVE = YES;
				CLANG_WARN_UNGUARDED_AVAILABILITY = YES_AGGRESSIVE;
				CLANG_WARN_UNREACHABLE_CODE = YES;
				CLANG_WARN__DUPLICATE_METHOD_MATCH = YES;
				COPY_PHASE_STRIP = NO;
				DEBUG_INFORMATION_FORMAT = "dwarf-with-dsym";
				ENABLE_NS_ASSERTIONS = NO;
				ENABLE_STRICT_OBJC_MSGSEND = YES;
				ENABLE_USER_SCRIPT_SANDBOXING = YES;
				GCC_C_LANGUAGE_STANDARD = gnu17;
				GCC_NO_COMMON_BLOCKS = YES;
				GCC_WARN_64_TO_32_BIT_CONVERSION = YES;
				GCC_WARN_ABOUT_RETURN_TYPE = YES_ERROR;
				GCC_WARN_UNDECLARED_SELECTOR = YES;
				GCC_WARN_UNINITIALIZED_AUTOS = YES_AGGRESSIVE;
				GCC_WARN_UNUSED_FUNCTION = YES;
				GCC_WARN_UNUSED_VARIABLE = YES;
				IPHONEOS_DEPLOYMENT_TARGET = 26.5;
				LOCALIZATION_PREFERS_STRING_CATALOGS = YES;
				MTL_ENABLE_DEBUG_INFO = NO;
				MTL_FAST_MATH = YES;
				SDKROOT = iphoneos;
				SWIFT_COMPILATION_MODE = wholemodule;
				VALIDATE_PRODUCT = YES;
			};
			name = Release;
		};
		778CA08A306A726B00806778 /* Debug */ = {
			isa = XCBuildConfiguration;
			buildSettings = {
				ASSETCATALOG_COMPILER_APPICON_NAME = AppIcon;
				ASSETCATALOG_COMPILER_GLOBAL_ACCENT_COLOR_NAME = AccentColor;
				CODE_SIGN_STYLE = Automatic;
				CURRENT_PROJECT_VERSION = 1;
				ENABLE_PREVIEWS = YES;
				GENERATE_INFOPLIST_FILE = YES;
				INFOPLIST_KEY_UIApplicationSceneManifest_Generation = YES;
				INFOPLIST_KEY_UIApplicationSupportsIndirectInputEvents = YES;
				INFOPLIST_KEY_UILaunchScreen_Generation = YES;
				INFOPLIST_KEY_UISupportedInterfaceOrientations_iPad = "UIInterfaceOrientationPortrait UIInterfaceOrientationPortraitUpsideDown UIInterfaceOrientationLandscapeLeft UIInterfaceOrientationLandscapeRight";
				INFOPLIST_KEY_UISupportedInterfaceOrientations_iPhone = "UIInterfaceOrientationPortrait UIInterfaceOrientationLandscapeLeft UIInterfaceOrientationLandscapeRight";
				LD_RUNPATH_SEARCH_PATHS = (
					"$(inherited)",
					"@executable_path/Frameworks",
				);
				MARKETING_VERSION = 1.0;
				PRODUCT_BUNDLE_IDENTIFIER = io.github.saburollah.StudyOrganizer;
				PRODUCT_NAME = "$(TARGET_NAME)";
				STRING_CATALOG_GENERATE_SYMBOLS = YES;
				SWIFT_APPROACHABLE_CONCURRENCY = YES;
				SWIFT_DEFAULT_ACTOR_ISOLATION = MainActor;
				SWIFT_EMIT_LOC_STRINGS = YES;
				SWIFT_UPCOMING_FEATURE_MEMBER_IMPORT_VISIBILITY = YES;
				SWIFT_VERSION = 5.0;
				TARGETED_DEVICE_FAMILY = "1,2";
			};
			name = Debug;
		};
		778CA08B306A726B00806778 /* Release */ = {
			isa = XCBuildConfiguration;
			buildSettings = {
				ASSETCATALOG_COMPILER_APPICON_NAME = AppIcon;
				ASSETCATALOG_COMPILER_GLOBAL_ACCENT_COLOR_NAME = AccentColor;
				CODE_SIGN_STYLE = Automatic;
				CURRENT_PROJECT_VERSION = 1;
				ENABLE_PREVIEWS = YES;
				GENERATE_INFOPLIST_FILE = YES;
				INFOPLIST_KEY_UIApplicationSceneManifest_Generation = YES;
				INFOPLIST_KEY_UIApplicationSupportsIndirectInputEvents = YES;
				INFOPLIST_KEY_UILaunchScreen_Generation = YES;
				INFOPLIST_KEY_UISupportedInterfaceOrientations_iPad = "UIInterfaceOrientationPortrait UIInterfaceOrientationPortraitUpsideDown UIInterfaceOrientationLandscapeLeft UIInterfaceOrientationLandscapeRight";
				INFOPLIST_KEY_UISupportedInterfaceOrientations_iPhone = "UIInterfaceOrientationPortrait UIInterfaceOrientationLandscapeLeft UIInterfaceOrientationLandscapeRight";
				LD_RUNPATH_SEARCH_PATHS = (
					"$(inherited)",
					"@executable_path/Frameworks",
				);
				MARKETING_VERSION = 1.0;
				PRODUCT_BUNDLE_IDENTIFIER = io.github.saburollah.StudyOrganizer;
				PRODUCT_NAME = "$(TARGET_NAME)";
				STRING_CATALOG_GENERATE_SYMBOLS = YES;
				SWIFT_APPROACHABLE_CONCURRENCY = YES;
				SWIFT_DEFAULT_ACTOR_ISOLATION = MainActor;
				SWIFT_EMIT_LOC_STRINGS = YES;
				SWIFT_UPCOMING_FEATURE_MEMBER_IMPORT_VISIBILITY = YES;
				SWIFT_VERSION = 5.0;
				TARGETED_DEVICE_FAMILY = "1,2";
			};
			name = Release;
		};
/* End XCBuildConfiguration section */

/* Begin XCConfigurationList section */
		778CA079306A726A00806778 /* Build configuration list for PBXProject "StudyOrganizer" */ = {
			isa = XCConfigurationList;
			buildConfigurations = (
				778CA087306A726B00806778 /* Debug */,
				778CA088306A726B00806778 /* Release */,
			);
			defaultConfigurationIsVisible = 0;
			defaultConfigurationName = Release;
		};
		778CA089306A726B00806778 /* Build configuration list for PBXNativeTarget "StudyOrganizer" */ = {
			isa = XCConfigurationList;
			buildConfigurations = (
				778CA08A306A726B00806778 /* Debug */,
				778CA08B306A726B00806778 /* Release */,
			);
			defaultConfigurationIsVisible = 0;
			defaultConfigurationName = Release;
		};
/* End XCConfigurationList section */
	};
	rootObject = 778CA076306A726A00806778 /* Project object */;
}
